dependencies:
- name: base
  repository: https://helm.seibert.family
  version: 1.0.4
- name: redis
  repository: https://helm.seibert.family
  version: 0.1.9
- name: postgres
  repository: https://helm.seibert.family
  version: 0.1.17
- name: paperless-ngx
  repository: https://helm.seibert.family
  version: 0.1.22
digest: sha256:07572cb719004f3d340c61b72667fb500b46b6774f8ed96c41eff211a908b59a
generated: "2023-03-13T10:52:05.55077-04:00"
