dependencies:
- name: base
  repository: file://../base
  version: 1.0.4
- name: redis
  repository: file://../redis
  version: 0.1.9
- name: postgres
  repository: file://../postgres
  version: 0.1.17
- name: paperless-ngx
  repository: file://../paperless-ngx
  version: 0.1.23
digest: sha256:638a6fb931f8bae78e79327626cff042b2be2ae6962f98bec1cace5634a06a9a
generated: "2023-03-13T11:07:42.171998-04:00"
